{
  "name": "shargs",
  "version": "0.26.0",
  "lockfileVersion": 1,
  "requires": true,
  "dependencies": {
    "shargs-core": {
      "version": "0.26.0",
      "resolved": "https://registry.npmjs.org/shargs-core/-/shargs-core-0.26.0.tgz",
      "integrity": "sha512-vifu2sMmuTPJlPcWvIcgSFzrq1HtVFA3eoFmGc1fQcEHtrIZIQ0vpAjwjMI75Zh31nolJFC8sai1xXlBCgcsnw=="
    },
    "shargs-opts": {
      "version": "0.5.0",
      "resolved": "https://registry.npmjs.org/shargs-opts/-/shargs-opts-0.5.0.tgz",
      "integrity": "sha512-8vaz09RlphIm/RoyoQCj7iwAU1rtfLutVvwr4thGZC6Ba78kZsEWG/Wd1iBgaO8AjXZVFOKrSzYowWeNYn2Wvw=="
    },
    "shargs-parser": {
      "version": "0.6.1",
      "resolved": "https://registry.npmjs.org/shargs-parser/-/shargs-parser-0.6.1.tgz",
      "integrity": "sha512-GykNb4Ym8bNyRrPIjYSyYEovahPQVMp+9Sm7drEZvaiUsGjMm2ycn00f4tlloy1nif495zrggNv5f23V+K4gGQ=="
    },
    "shargs-usage": {
      "version": "0.6.0",
      "resolved": "https://registry.npmjs.org/shargs-usage/-/shargs-usage-0.6.0.tgz",
      "integrity": "sha512-tZw6o9f4AYynSpzxzinKpFgNNIDdTFlMZE9UfJr92V6boDhvdf0vPoGh0d4FKyf3Tkd9NHI3kjEkAZWSkL6xpg=="
    }
  }
}
