{
  "name": "shargs",
  "version": "1.0.0",
  "lockfileVersion": 1,
  "requires": true,
  "dependencies": {
    "shargs-core": {
      "version": "1.0.0",
      "resolved": "https://registry.npmjs.org/shargs-core/-/shargs-core-1.0.0.tgz",
      "integrity": "sha512-M/bmV6RdcAQcx60BGOy/WJ9Rr6Ufv/JNx32XdVHhKwZPm1OMYErhSugUSF2tFUbFsnAaZb7woEatNBioIvKfeA=="
    },
    "shargs-opts": {
      "version": "1.0.0",
      "resolved": "https://registry.npmjs.org/shargs-opts/-/shargs-opts-1.0.0.tgz",
      "integrity": "sha512-yti1JmQD5TVzYyf1vTFOaDovslgeQusW4isOOBJQnFy0cf5T6PHsTbx+QELrs/5Y0DveGJC1xJlqbvDAyBtUjA=="
    },
    "shargs-parser": {
      "version": "1.0.0",
      "resolved": "https://registry.npmjs.org/shargs-parser/-/shargs-parser-1.0.0.tgz",
      "integrity": "sha512-U9cAAO3gbNtWUpH50kuE8YKWiMQH7Wl9Je/QoLD8Sf/d6Zos/Z2VkDEiQfUfIuW1YAsLdUYCBryRDiKnQZIekg=="
    },
    "shargs-usage": {
      "version": "1.0.0",
      "resolved": "https://registry.npmjs.org/shargs-usage/-/shargs-usage-1.0.0.tgz",
      "integrity": "sha512-DsO3N6lcaEhsOAcGzgoquRUPFqcFJPJywAGirdkkic1TktkiWT7ejavhQ5XC2PjFa6NQ21VlF8wXpI1LppeM6w=="
    }
  }
}
